
Microsoft Visual Studio Solution File, Format Version 12.00
# Visual Studio Version 17
VisualStudioVersion = 17.0.31903.59
MinimumVisualStudioVersion = 10.0.40219.1
Project("{2150E333-8FDC-42A3-9474-1A3956D46DE8}") = "src", "src", "{5676F3F9-F3B8-4E72-9330-1AB43E380F3E}"
EndProject
Project("{FAE04EC0-301F-11D3-BF4B-00C04F79EFBC}") = "CC.CSX", "src\CC.CSX\CC.CSX.csproj", "{B646B9D9-D9CB-4523-AC2E-EF2CA92D224C}"
EndProject
Global
	GlobalSection(SolutionConfigurationPlatforms) = preSolution
		Debug|Any CPU = Debug|Any CPU
		Release|Any CPU = Release|Any CPU
	EndGlobalSection
	GlobalSection(SolutionProperties) = preSolution
		HideSolutionNode = FALSE
	EndGlobalSection
	GlobalSection(ProjectConfigurationPlatforms) = postSolution
		{B646B9D9-D9CB-4523-AC2E-EF2CA92D224C}.Debug|Any CPU.ActiveCfg = Debug|Any CPU
		{B646B9D9-D9CB-4523-AC2E-EF2CA92D224C}.Debug|Any CPU.Build.0 = Debug|Any CPU
		{B646B9D9-D9CB-4523-AC2E-EF2CA92D224C}.Release|Any CPU.ActiveCfg = Release|Any CPU
		{B646B9D9-D9CB-4523-AC2E-EF2CA92D224C}.Release|Any CPU.Build.0 = Release|Any CPU
	EndGlobalSection
	GlobalSection(NestedProjects) = preSolution
		{B646B9D9-D9CB-4523-AC2E-EF2CA92D224C} = {5676F3F9-F3B8-4E72-9330-1AB43E380F3E}
	EndGlobalSection
EndGlobal
