
Microsoft Visual Studio Solution File, Format Version 12.00
# Visual Studio Version 17
VisualStudioVersion = 17.0.31903.59
MinimumVisualStudioVersion = 10.0.40219.1
Project("{2150E333-8FDC-42A3-9474-1A3956D46DE8}") = "src", "src", "{5676F3F9-F3B8-4E72-9330-1AB43E380F3E}"
EndProject
Project("{FAE04EC0-301F-11D3-BF4B-00C04F79EFBC}") = "CC.CSX", "src\CC.CSX\CC.CSX.csproj", "{B646B9D9-D9CB-4523-AC2E-EF2CA92D224C}"
EndProject
Project("{FAE04EC0-301F-11D3-BF4B-00C04F79EFBC}") = "CC.CSX.Web", "src\CC.CSX.Web\CC.CSX.Web.csproj", "{BD0DC6A0-4D75-422D-9E46-758B44DDEC5A}"
EndProject
Project("{FAE04EC0-301F-11D3-BF4B-00C04F79EFBC}") = "CC.CSX.Htmx", "src\CC.CSX.Htmx\CC.CSX.Htmx.csproj", "{B196482D-4371-46D4-97E8-7FD39C5E9736}"
EndProject
Project("{2150E333-8FDC-42A3-9474-1A3956D46DE8}") = "tests", "tests", "{FF95AD8E-2294-4184-BB0C-499C5929550C}"
EndProject
Project("{FAE04EC0-301F-11D3-BF4B-00C04F79EFBC}") = "CC.CSX.Tests", "tests\CC.CSX.Tests\CC.CSX.Tests.csproj", "{ABC25F59-00E6-4A9D-AE23-F3E7B1797B24}"
EndProject
Project("{2150E333-8FDC-42A3-9474-1A3956D46DE8}") = "samples", "samples", "{DFFD6EAD-BDF1-4BA3-A49C-D9FC700013CD}"
EndProject
Project("{FAE04EC0-301F-11D3-BF4B-00C04F79EFBC}") = "Simple", "samples\Simple\Simple.csproj", "{55BAB03E-C3D4-4178-9596-703577F6B250}"
EndProject
Project("{FAE04EC0-301F-11D3-BF4B-00C04F79EFBC}") = "Web", "samples\Web\Web.csproj", "{E5C92465-2118-43CF-8C6B-A36292E7A043}"
EndProject
Project("{FAE04EC0-301F-11D3-BF4B-00C04F79EFBC}") = "CC.CSX.Benchmarks", "tests\CC.CSX.Benchmarks\CC.CSX.Benchmarks.csproj", "{97882226-DD08-4BB3-B784-DB6268867088}"
EndProject
Project("{FAE04EC0-301F-11D3-BF4B-00C04F79EFBC}") = "HtmxSample", "samples\HtmxSample\HtmxSample.csproj", "{07B2B0FE-CFB5-43FA-9D56-29FB142B6F3E}"
EndProject
Project("{FAE04EC0-301F-11D3-BF4B-00C04F79EFBC}") = "CC.CSX.Htmx.Tests", "tests\CC.CSX.Htmx.Tests\CC.CSX.Htmx.Tests.csproj", "{FEBB2774-BD90-41B1-8D7D-171AA31D0785}"
EndProject
Project("{FAE04EC0-301F-11D3-BF4B-00C04F79EFBC}") = "CC.CSX.Css", "src\CC.CSX.Css\CC.CSX.Css.csproj", "{0E6566E5-8218-4DB1-B8F3-2CCA42EA4A12}"
EndProject
Project("{FAE04EC0-301F-11D3-BF4B-00C04F79EFBC}") = "CC.CSX.Css.Generator", "src\CC.CSX.Css.Generator\CC.CSX.Css.Generator.csproj", "{8420A113-19D6-4E68-9190-20EAA60AC2E4}"
EndProject
Project("{FAE04EC0-301F-11D3-BF4B-00C04F79EFBC}") = "CC.CSX.Css.Tests", "tests\CC.CSX.Css.Tests\CC.CSX.Css.Tests.csproj", "{AC7CB67E-243C-49CD-8368-154EBAA21EE5}"
EndProject
Project("{FAE04EC0-301F-11D3-BF4B-00C04F79EFBC}") = "CC.CSX.Css.Tailwind", "src\CC.CSX.Css.Tailwind\CC.CSX.Css.Tailwind.csproj", "{5DABF9B0-F477-4EAE-9774-E566373CF659}"
EndProject
Project("{FAE04EC0-301F-11D3-BF4B-00C04F79EFBC}") = "BrowserSample", "samples\BrowserSample\BrowserSample.csproj", "{5C3957BB-DF55-4E2C-A2AF-29D78B4131F2}"
EndProject
Project("{FAE04EC0-301F-11D3-BF4B-00C04F79EFBC}") = "CC.CSX.Browser", "src\CC.CSX.Browser\CC.CSX.Browser.csproj", "{4EBD65B7-CAE6-4AC0-A43A-F6A0C9D9298A}"
EndProject
Project("{FAE04EC0-301F-11D3-BF4B-00C04F79EFBC}") = "CC.CSX.Browser.Tests", "tests\CC.CSX.Browser.Tests\CC.CSX.Browser.Tests.csproj", "{B2648611-4A05-4820-8E39-311D38E77335}"
EndProject
Project("{FAE04EC0-301F-11D3-BF4B-00C04F79EFBC}") = "CC.CSX.Components", "src\CC.CSX.Components\CC.CSX.Components.csproj", "{8AD55B53-F81F-4EA0-A761-078BB514C058}"
EndProject
Project("{FAE04EC0-301F-11D3-BF4B-00C04F79EFBC}") = "CC.CSX.Components.Tests", "tests\CC.CSX.Components.Tests\CC.CSX.Components.Tests.csproj", "{520A519A-4342-4B3D-89CF-C8C770627283}"
EndProject
Project("{FAE04EC0-301F-11D3-BF4B-00C04F79EFBC}") = "ComponentsSample", "samples\ComponentsSample\ComponentsSample.csproj", "{6A4B7947-F06A-4A08-8F0F-04199B556D21}"
EndProject
Global
	GlobalSection(SolutionConfigurationPlatforms) = preSolution
		Debug|Any CPU = Debug|Any CPU
		Debug|x64 = Debug|x64
		Debug|x86 = Debug|x86
		Release|Any CPU = Release|Any CPU
		Release|x64 = Release|x64
		Release|x86 = Release|x86
	EndGlobalSection
	GlobalSection(ProjectConfigurationPlatforms) = postSolution
		{B646B9D9-D9CB-4523-AC2E-EF2CA92D224C}.Debug|Any CPU.ActiveCfg = Debug|Any CPU
		{B646B9D9-D9CB-4523-AC2E-EF2CA92D224C}.Debug|Any CPU.Build.0 = Debug|Any CPU
		{B646B9D9-D9CB-4523-AC2E-EF2CA92D224C}.Debug|x64.ActiveCfg = Debug|Any CPU
		{B646B9D9-D9CB-4523-AC2E-EF2CA92D224C}.Debug|x64.Build.0 = Debug|Any CPU
		{B646B9D9-D9CB-4523-AC2E-EF2CA92D224C}.Debug|x86.ActiveCfg = Debug|Any CPU
		{B646B9D9-D9CB-4523-AC2E-EF2CA92D224C}.Debug|x86.Build.0 = Debug|Any CPU
		{B646B9D9-D9CB-4523-AC2E-EF2CA92D224C}.Release|Any CPU.ActiveCfg = Release|Any CPU
		{B646B9D9-D9CB-4523-AC2E-EF2CA92D224C}.Release|Any CPU.Build.0 = Release|Any CPU
		{B646B9D9-D9CB-4523-AC2E-EF2CA92D224C}.Release|x64.ActiveCfg = Release|Any CPU
		{B646B9D9-D9CB-4523-AC2E-EF2CA92D224C}.Release|x64.Build.0 = Release|Any CPU
		{B646B9D9-D9CB-4523-AC2E-EF2CA92D224C}.Release|x86.ActiveCfg = Release|Any CPU
		{B646B9D9-D9CB-4523-AC2E-EF2CA92D224C}.Release|x86.Build.0 = Release|Any CPU
		{BD0DC6A0-4D75-422D-9E46-758B44DDEC5A}.Debug|Any CPU.ActiveCfg = Debug|Any CPU
		{BD0DC6A0-4D75-422D-9E46-758B44DDEC5A}.Debug|Any CPU.Build.0 = Debug|Any CPU
		{BD0DC6A0-4D75-422D-9E46-758B44DDEC5A}.Debug|x64.ActiveCfg = Debug|Any CPU
		{BD0DC6A0-4D75-422D-9E46-758B44DDEC5A}.Debug|x64.Build.0 = Debug|Any CPU
		{BD0DC6A0-4D75-422D-9E46-758B44DDEC5A}.Debug|x86.ActiveCfg = Debug|Any CPU
		{BD0DC6A0-4D75-422D-9E46-758B44DDEC5A}.Debug|x86.Build.0 = Debug|Any CPU
		{BD0DC6A0-4D75-422D-9E46-758B44DDEC5A}.Release|Any CPU.ActiveCfg = Release|Any CPU
		{BD0DC6A0-4D75-422D-9E46-758B44DDEC5A}.Release|Any CPU.Build.0 = Release|Any CPU
		{BD0DC6A0-4D75-422D-9E46-758B44DDEC5A}.Release|x64.ActiveCfg = Release|Any CPU
		{BD0DC6A0-4D75-422D-9E46-758B44DDEC5A}.Release|x64.Build.0 = Release|Any CPU
		{BD0DC6A0-4D75-422D-9E46-758B44DDEC5A}.Release|x86.ActiveCfg = Release|Any CPU
		{BD0DC6A0-4D75-422D-9E46-758B44DDEC5A}.Release|x86.Build.0 = Release|Any CPU
		{B196482D-4371-46D4-97E8-7FD39C5E9736}.Debug|Any CPU.ActiveCfg = Debug|Any CPU
		{B196482D-4371-46D4-97E8-7FD39C5E9736}.Debug|Any CPU.Build.0 = Debug|Any CPU
		{B196482D-4371-46D4-97E8-7FD39C5E9736}.Debug|x64.ActiveCfg = Debug|Any CPU
		{B196482D-4371-46D4-97E8-7FD39C5E9736}.Debug|x64.Build.0 = Debug|Any CPU
		{B196482D-4371-46D4-97E8-7FD39C5E9736}.Debug|x86.ActiveCfg = Debug|Any CPU
		{B196482D-4371-46D4-97E8-7FD39C5E9736}.Debug|x86.Build.0 = Debug|Any CPU
		{B196482D-4371-46D4-97E8-7FD39C5E9736}.Release|Any CPU.ActiveCfg = Release|Any CPU
		{B196482D-4371-46D4-97E8-7FD39C5E9736}.Release|Any CPU.Build.0 = Release|Any CPU
		{B196482D-4371-46D4-97E8-7FD39C5E9736}.Release|x64.ActiveCfg = Release|Any CPU
		{B196482D-4371-46D4-97E8-7FD39C5E9736}.Release|x64.Build.0 = Release|Any CPU
		{B196482D-4371-46D4-97E8-7FD39C5E9736}.Release|x86.ActiveCfg = Release|Any CPU
		{B196482D-4371-46D4-97E8-7FD39C5E9736}.Release|x86.Build.0 = Release|Any CPU
		{ABC25F59-00E6-4A9D-AE23-F3E7B1797B24}.Debug|Any CPU.ActiveCfg = Debug|Any CPU
		{ABC25F59-00E6-4A9D-AE23-F3E7B1797B24}.Debug|Any CPU.Build.0 = Debug|Any CPU
		{ABC25F59-00E6-4A9D-AE23-F3E7B1797B24}.Debug|x64.ActiveCfg = Debug|Any CPU
		{ABC25F59-00E6-4A9D-AE23-F3E7B1797B24}.Debug|x64.Build.0 = Debug|Any CPU
		{ABC25F59-00E6-4A9D-AE23-F3E7B1797B24}.Debug|x86.ActiveCfg = Debug|Any CPU
		{ABC25F59-00E6-4A9D-AE23-F3E7B1797B24}.Debug|x86.Build.0 = Debug|Any CPU
		{ABC25F59-00E6-4A9D-AE23-F3E7B1797B24}.Release|Any CPU.ActiveCfg = Release|Any CPU
		{ABC25F59-00E6-4A9D-AE23-F3E7B1797B24}.Release|Any CPU.Build.0 = Release|Any CPU
		{ABC25F59-00E6-4A9D-AE23-F3E7B1797B24}.Release|x64.ActiveCfg = Release|Any CPU
		{ABC25F59-00E6-4A9D-AE23-F3E7B1797B24}.Release|x64.Build.0 = Release|Any CPU
		{ABC25F59-00E6-4A9D-AE23-F3E7B1797B24}.Release|x86.ActiveCfg = Release|Any CPU
		{ABC25F59-00E6-4A9D-AE23-F3E7B1797B24}.Release|x86.Build.0 = Release|Any CPU
		{55BAB03E-C3D4-4178-9596-703577F6B250}.Debug|Any CPU.ActiveCfg = Debug|Any CPU
		{55BAB03E-C3D4-4178-9596-703577F6B250}.Debug|Any CPU.Build.0 = Debug|Any CPU
		{55BAB03E-C3D4-4178-9596-703577F6B250}.Debug|x64.ActiveCfg = Debug|Any CPU
		{55BAB03E-C3D4-4178-9596-703577F6B250}.Debug|x64.Build.0 = Debug|Any CPU
		{55BAB03E-C3D4-4178-9596-703577F6B250}.Debug|x86.ActiveCfg = Debug|Any CPU
		{55BAB03E-C3D4-4178-9596-703577F6B250}.Debug|x86.Build.0 = Debug|Any CPU
		{55BAB03E-C3D4-4178-9596-703577F6B250}.Release|Any CPU.ActiveCfg = Release|Any CPU
		{55BAB03E-C3D4-4178-9596-703577F6B250}.Release|Any CPU.Build.0 = Release|Any CPU
		{55BAB03E-C3D4-4178-9596-703577F6B250}.Release|x64.ActiveCfg = Release|Any CPU
		{55BAB03E-C3D4-4178-9596-703577F6B250}.Release|x64.Build.0 = Release|Any CPU
		{55BAB03E-C3D4-4178-9596-703577F6B250}.Release|x86.ActiveCfg = Release|Any CPU
		{55BAB03E-C3D4-4178-9596-703577F6B250}.Release|x86.Build.0 = Release|Any CPU
		{E5C92465-2118-43CF-8C6B-A36292E7A043}.Debug|Any CPU.ActiveCfg = Debug|Any CPU
		{E5C92465-2118-43CF-8C6B-A36292E7A043}.Debug|Any CPU.Build.0 = Debug|Any CPU
		{E5C92465-2118-43CF-8C6B-A36292E7A043}.Debug|x64.ActiveCfg = Debug|Any CPU
		{E5C92465-2118-43CF-8C6B-A36292E7A043}.Debug|x64.Build.0 = Debug|Any CPU
		{E5C92465-2118-43CF-8C6B-A36292E7A043}.Debug|x86.ActiveCfg = Debug|Any CPU
		{E5C92465-2118-43CF-8C6B-A36292E7A043}.Debug|x86.Build.0 = Debug|Any CPU
		{E5C92465-2118-43CF-8C6B-A36292E7A043}.Release|Any CPU.ActiveCfg = Release|Any CPU
		{E5C92465-2118-43CF-8C6B-A36292E7A043}.Release|Any CPU.Build.0 = Release|Any CPU
		{E5C92465-2118-43CF-8C6B-A36292E7A043}.Release|x64.ActiveCfg = Release|Any CPU
		{E5C92465-2118-43CF-8C6B-A36292E7A043}.Release|x64.Build.0 = Release|Any CPU
		{E5C92465-2118-43CF-8C6B-A36292E7A043}.Release|x86.ActiveCfg = Release|Any CPU
		{E5C92465-2118-43CF-8C6B-A36292E7A043}.Release|x86.Build.0 = Release|Any CPU
		{97882226-DD08-4BB3-B784-DB6268867088}.Debug|Any CPU.ActiveCfg = Debug|Any CPU
		{97882226-DD08-4BB3-B784-DB6268867088}.Debug|Any CPU.Build.0 = Debug|Any CPU
		{97882226-DD08-4BB3-B784-DB6268867088}.Debug|x64.ActiveCfg = Debug|Any CPU
		{97882226-DD08-4BB3-B784-DB6268867088}.Debug|x64.Build.0 = Debug|Any CPU
		{97882226-DD08-4BB3-B784-DB6268867088}.Debug|x86.ActiveCfg = Debug|Any CPU
		{97882226-DD08-4BB3-B784-DB6268867088}.Debug|x86.Build.0 = Debug|Any CPU
		{97882226-DD08-4BB3-B784-DB6268867088}.Release|Any CPU.ActiveCfg = Release|Any CPU
		{97882226-DD08-4BB3-B784-DB6268867088}.Release|Any CPU.Build.0 = Release|Any CPU
		{97882226-DD08-4BB3-B784-DB6268867088}.Release|x64.ActiveCfg = Release|Any CPU
		{97882226-DD08-4BB3-B784-DB6268867088}.Release|x64.Build.0 = Release|Any CPU
		{97882226-DD08-4BB3-B784-DB6268867088}.Release|x86.ActiveCfg = Release|Any CPU
		{97882226-DD08-4BB3-B784-DB6268867088}.Release|x86.Build.0 = Release|Any CPU
		{07B2B0FE-CFB5-43FA-9D56-29FB142B6F3E}.Debug|Any CPU.ActiveCfg = Debug|Any CPU
		{07B2B0FE-CFB5-43FA-9D56-29FB142B6F3E}.Debug|Any CPU.Build.0 = Debug|Any CPU
		{07B2B0FE-CFB5-43FA-9D56-29FB142B6F3E}.Debug|x64.ActiveCfg = Debug|Any CPU
		{07B2B0FE-CFB5-43FA-9D56-29FB142B6F3E}.Debug|x64.Build.0 = Debug|Any CPU
		{07B2B0FE-CFB5-43FA-9D56-29FB142B6F3E}.Debug|x86.ActiveCfg = Debug|Any CPU
		{07B2B0FE-CFB5-43FA-9D56-29FB142B6F3E}.Debug|x86.Build.0 = Debug|Any CPU
		{07B2B0FE-CFB5-43FA-9D56-29FB142B6F3E}.Release|Any CPU.ActiveCfg = Release|Any CPU
		{07B2B0FE-CFB5-43FA-9D56-29FB142B6F3E}.Release|Any CPU.Build.0 = Release|Any CPU
		{07B2B0FE-CFB5-43FA-9D56-29FB142B6F3E}.Release|x64.ActiveCfg = Release|Any CPU
		{07B2B0FE-CFB5-43FA-9D56-29FB142B6F3E}.Release|x64.Build.0 = Release|Any CPU
		{07B2B0FE-CFB5-43FA-9D56-29FB142B6F3E}.Release|x86.ActiveCfg = Release|Any CPU
		{07B2B0FE-CFB5-43FA-9D56-29FB142B6F3E}.Release|x86.Build.0 = Release|Any CPU
		{FEBB2774-BD90-41B1-8D7D-171AA31D0785}.Debug|Any CPU.ActiveCfg = Debug|Any CPU
		{FEBB2774-BD90-41B1-8D7D-171AA31D0785}.Debug|Any CPU.Build.0 = Debug|Any CPU
		{FEBB2774-BD90-41B1-8D7D-171AA31D0785}.Debug|x64.ActiveCfg = Debug|Any CPU
		{FEBB2774-BD90-41B1-8D7D-171AA31D0785}.Debug|x64.Build.0 = Debug|Any CPU
		{FEBB2774-BD90-41B1-8D7D-171AA31D0785}.Debug|x86.ActiveCfg = Debug|Any CPU
		{FEBB2774-BD90-41B1-8D7D-171AA31D0785}.Debug|x86.Build.0 = Debug|Any CPU
		{FEBB2774-BD90-41B1-8D7D-171AA31D0785}.Release|Any CPU.ActiveCfg = Release|Any CPU
		{FEBB2774-BD90-41B1-8D7D-171AA31D0785}.Release|Any CPU.Build.0 = Release|Any CPU
		{FEBB2774-BD90-41B1-8D7D-171AA31D0785}.Release|x64.ActiveCfg = Release|Any CPU
		{FEBB2774-BD90-41B1-8D7D-171AA31D0785}.Release|x64.Build.0 = Release|Any CPU
		{FEBB2774-BD90-41B1-8D7D-171AA31D0785}.Release|x86.ActiveCfg = Release|Any CPU
		{FEBB2774-BD90-41B1-8D7D-171AA31D0785}.Release|x86.Build.0 = Release|Any CPU
		{0E6566E5-8218-4DB1-B8F3-2CCA42EA4A12}.Debug|Any CPU.ActiveCfg = Debug|Any CPU
		{0E6566E5-8218-4DB1-B8F3-2CCA42EA4A12}.Debug|Any CPU.Build.0 = Debug|Any CPU
		{0E6566E5-8218-4DB1-B8F3-2CCA42EA4A12}.Debug|x64.ActiveCfg = Debug|Any CPU
		{0E6566E5-8218-4DB1-B8F3-2CCA42EA4A12}.Debug|x64.Build.0 = Debug|Any CPU
		{0E6566E5-8218-4DB1-B8F3-2CCA42EA4A12}.Debug|x86.ActiveCfg = Debug|Any CPU
		{0E6566E5-8218-4DB1-B8F3-2CCA42EA4A12}.Debug|x86.Build.0 = Debug|Any CPU
		{0E6566E5-8218-4DB1-B8F3-2CCA42EA4A12}.Release|Any CPU.ActiveCfg = Release|Any CPU
		{0E6566E5-8218-4DB1-B8F3-2CCA42EA4A12}.Release|Any CPU.Build.0 = Release|Any CPU
		{0E6566E5-8218-4DB1-B8F3-2CCA42EA4A12}.Release|x64.ActiveCfg = Release|Any CPU
		{0E6566E5-8218-4DB1-B8F3-2CCA42EA4A12}.Release|x64.Build.0 = Release|Any CPU
		{0E6566E5-8218-4DB1-B8F3-2CCA42EA4A12}.Release|x86.ActiveCfg = Release|Any CPU
		{0E6566E5-8218-4DB1-B8F3-2CCA42EA4A12}.Release|x86.Build.0 = Release|Any CPU
		{8420A113-19D6-4E68-9190-20EAA60AC2E4}.Debug|Any CPU.ActiveCfg = Debug|Any CPU
		{8420A113-19D6-4E68-9190-20EAA60AC2E4}.Debug|Any CPU.Build.0 = Debug|Any CPU
		{8420A113-19D6-4E68-9190-20EAA60AC2E4}.Debug|x64.ActiveCfg = Debug|Any CPU
		{8420A113-19D6-4E68-9190-20EAA60AC2E4}.Debug|x64.Build.0 = Debug|Any CPU
		{8420A113-19D6-4E68-9190-20EAA60AC2E4}.Debug|x86.ActiveCfg = Debug|Any CPU
		{8420A113-19D6-4E68-9190-20EAA60AC2E4}.Debug|x86.Build.0 = Debug|Any CPU
		{8420A113-19D6-4E68-9190-20EAA60AC2E4}.Release|Any CPU.ActiveCfg = Release|Any CPU
		{8420A113-19D6-4E68-9190-20EAA60AC2E4}.Release|Any CPU.Build.0 = Release|Any CPU
		{8420A113-19D6-4E68-9190-20EAA60AC2E4}.Release|x64.ActiveCfg = Release|Any CPU
		{8420A113-19D6-4E68-9190-20EAA60AC2E4}.Release|x64.Build.0 = Release|Any CPU
		{8420A113-19D6-4E68-9190-20EAA60AC2E4}.Release|x86.ActiveCfg = Release|Any CPU
		{8420A113-19D6-4E68-9190-20EAA60AC2E4}.Release|x86.Build.0 = Release|Any CPU
		{AC7CB67E-243C-49CD-8368-154EBAA21EE5}.Debug|Any CPU.ActiveCfg = Debug|Any CPU
		{AC7CB67E-243C-49CD-8368-154EBAA21EE5}.Debug|Any CPU.Build.0 = Debug|Any CPU
		{AC7CB67E-243C-49CD-8368-154EBAA21EE5}.Debug|x64.ActiveCfg = Debug|Any CPU
		{AC7CB67E-243C-49CD-8368-154EBAA21EE5}.Debug|x64.Build.0 = Debug|Any CPU
		{AC7CB67E-243C-49CD-8368-154EBAA21EE5}.Debug|x86.ActiveCfg = Debug|Any CPU
		{AC7CB67E-243C-49CD-8368-154EBAA21EE5}.Debug|x86.Build.0 = Debug|Any CPU
		{AC7CB67E-243C-49CD-8368-154EBAA21EE5}.Release|Any CPU.ActiveCfg = Release|Any CPU
		{AC7CB67E-243C-49CD-8368-154EBAA21EE5}.Release|Any CPU.Build.0 = Release|Any CPU
		{AC7CB67E-243C-49CD-8368-154EBAA21EE5}.Release|x64.ActiveCfg = Release|Any CPU
		{AC7CB67E-243C-49CD-8368-154EBAA21EE5}.Release|x64.Build.0 = Release|Any CPU
		{AC7CB67E-243C-49CD-8368-154EBAA21EE5}.Release|x86.ActiveCfg = Release|Any CPU
		{AC7CB67E-243C-49CD-8368-154EBAA21EE5}.Release|x86.Build.0 = Release|Any CPU
		{5DABF9B0-F477-4EAE-9774-E566373CF659}.Debug|Any CPU.ActiveCfg = Debug|Any CPU
		{5DABF9B0-F477-4EAE-9774-E566373CF659}.Debug|Any CPU.Build.0 = Debug|Any CPU
		{5DABF9B0-F477-4EAE-9774-E566373CF659}.Debug|x64.ActiveCfg = Debug|Any CPU
		{5DABF9B0-F477-4EAE-9774-E566373CF659}.Debug|x64.Build.0 = Debug|Any CPU
		{5DABF9B0-F477-4EAE-9774-E566373CF659}.Debug|x86.ActiveCfg = Debug|Any CPU
		{5DABF9B0-F477-4EAE-9774-E566373CF659}.Debug|x86.Build.0 = Debug|Any CPU
		{5DABF9B0-F477-4EAE-9774-E566373CF659}.Release|Any CPU.ActiveCfg = Release|Any CPU
		{5DABF9B0-F477-4EAE-9774-E566373CF659}.Release|Any CPU.Build.0 = Release|Any CPU
		{5DABF9B0-F477-4EAE-9774-E566373CF659}.Release|x64.ActiveCfg = Release|Any CPU
		{5DABF9B0-F477-4EAE-9774-E566373CF659}.Release|x64.Build.0 = Release|Any CPU
		{5DABF9B0-F477-4EAE-9774-E566373CF659}.Release|x86.ActiveCfg = Release|Any CPU
		{5DABF9B0-F477-4EAE-9774-E566373CF659}.Release|x86.Build.0 = Release|Any CPU
		{5C3957BB-DF55-4E2C-A2AF-29D78B4131F2}.Debug|Any CPU.ActiveCfg = Debug|Any CPU
		{5C3957BB-DF55-4E2C-A2AF-29D78B4131F2}.Debug|Any CPU.Build.0 = Debug|Any CPU
		{5C3957BB-DF55-4E2C-A2AF-29D78B4131F2}.Debug|x64.ActiveCfg = Debug|Any CPU
		{5C3957BB-DF55-4E2C-A2AF-29D78B4131F2}.Debug|x64.Build.0 = Debug|Any CPU
		{5C3957BB-DF55-4E2C-A2AF-29D78B4131F2}.Debug|x86.ActiveCfg = Debug|Any CPU
		{5C3957BB-DF55-4E2C-A2AF-29D78B4131F2}.Debug|x86.Build.0 = Debug|Any CPU
		{5C3957BB-DF55-4E2C-A2AF-29D78B4131F2}.Release|Any CPU.ActiveCfg = Release|Any CPU
		{5C3957BB-DF55-4E2C-A2AF-29D78B4131F2}.Release|Any CPU.Build.0 = Release|Any CPU
		{5C3957BB-DF55-4E2C-A2AF-29D78B4131F2}.Release|x64.ActiveCfg = Release|Any CPU
		{5C3957BB-DF55-4E2C-A2AF-29D78B4131F2}.Release|x64.Build.0 = Release|Any CPU
		{5C3957BB-DF55-4E2C-A2AF-29D78B4131F2}.Release|x86.ActiveCfg = Release|Any CPU
		{5C3957BB-DF55-4E2C-A2AF-29D78B4131F2}.Release|x86.Build.0 = Release|Any CPU
		{4EBD65B7-CAE6-4AC0-A43A-F6A0C9D9298A}.Debug|Any CPU.ActiveCfg = Debug|Any CPU
		{4EBD65B7-CAE6-4AC0-A43A-F6A0C9D9298A}.Debug|Any CPU.Build.0 = Debug|Any CPU
		{4EBD65B7-CAE6-4AC0-A43A-F6A0C9D9298A}.Debug|x64.ActiveCfg = Debug|Any CPU
		{4EBD65B7-CAE6-4AC0-A43A-F6A0C9D9298A}.Debug|x64.Build.0 = Debug|Any CPU
		{4EBD65B7-CAE6-4AC0-A43A-F6A0C9D9298A}.Debug|x86.ActiveCfg = Debug|Any CPU
		{4EBD65B7-CAE6-4AC0-A43A-F6A0C9D9298A}.Debug|x86.Build.0 = Debug|Any CPU
		{4EBD65B7-CAE6-4AC0-A43A-F6A0C9D9298A}.Release|Any CPU.ActiveCfg = Release|Any CPU
		{4EBD65B7-CAE6-4AC0-A43A-F6A0C9D9298A}.Release|Any CPU.Build.0 = Release|Any CPU
		{4EBD65B7-CAE6-4AC0-A43A-F6A0C9D9298A}.Release|x64.ActiveCfg = Release|Any CPU
		{4EBD65B7-CAE6-4AC0-A43A-F6A0C9D9298A}.Release|x64.Build.0 = Release|Any CPU
		{4EBD65B7-CAE6-4AC0-A43A-F6A0C9D9298A}.Release|x86.ActiveCfg = Release|Any CPU
		{4EBD65B7-CAE6-4AC0-A43A-F6A0C9D9298A}.Release|x86.Build.0 = Release|Any CPU
		{B2648611-4A05-4820-8E39-311D38E77335}.Debug|Any CPU.ActiveCfg = Debug|Any CPU
		{B2648611-4A05-4820-8E39-311D38E77335}.Debug|Any CPU.Build.0 = Debug|Any CPU
		{B2648611-4A05-4820-8E39-311D38E77335}.Debug|x64.ActiveCfg = Debug|Any CPU
		{B2648611-4A05-4820-8E39-311D38E77335}.Debug|x64.Build.0 = Debug|Any CPU
		{B2648611-4A05-4820-8E39-311D38E77335}.Debug|x86.ActiveCfg = Debug|Any CPU
		{B2648611-4A05-4820-8E39-311D38E77335}.Debug|x86.Build.0 = Debug|Any CPU
		{B2648611-4A05-4820-8E39-311D38E77335}.Release|Any CPU.ActiveCfg = Release|Any CPU
		{B2648611-4A05-4820-8E39-311D38E77335}.Release|Any CPU.Build.0 = Release|Any CPU
		{B2648611-4A05-4820-8E39-311D38E77335}.Release|x64.ActiveCfg = Release|Any CPU
		{B2648611-4A05-4820-8E39-311D38E77335}.Release|x64.Build.0 = Release|Any CPU
		{B2648611-4A05-4820-8E39-311D38E77335}.Release|x86.ActiveCfg = Release|Any CPU
		{B2648611-4A05-4820-8E39-311D38E77335}.Release|x86.Build.0 = Release|Any CPU
		{8AD55B53-F81F-4EA0-A761-078BB514C058}.Debug|Any CPU.ActiveCfg = Debug|Any CPU
		{8AD55B53-F81F-4EA0-A761-078BB514C058}.Debug|Any CPU.Build.0 = Debug|Any CPU
		{8AD55B53-F81F-4EA0-A761-078BB514C058}.Debug|x64.ActiveCfg = Debug|Any CPU
		{8AD55B53-F81F-4EA0-A761-078BB514C058}.Debug|x64.Build.0 = Debug|Any CPU
		{8AD55B53-F81F-4EA0-A761-078BB514C058}.Debug|x86.ActiveCfg = Debug|Any CPU
		{8AD55B53-F81F-4EA0-A761-078BB514C058}.Debug|x86.Build.0 = Debug|Any CPU
		{8AD55B53-F81F-4EA0-A761-078BB514C058}.Release|Any CPU.ActiveCfg = Release|Any CPU
		{8AD55B53-F81F-4EA0-A761-078BB514C058}.Release|Any CPU.Build.0 = Release|Any CPU
		{8AD55B53-F81F-4EA0-A761-078BB514C058}.Release|x64.ActiveCfg = Release|Any CPU
		{8AD55B53-F81F-4EA0-A761-078BB514C058}.Release|x64.Build.0 = Release|Any CPU
		{8AD55B53-F81F-4EA0-A761-078BB514C058}.Release|x86.ActiveCfg = Release|Any CPU
		{8AD55B53-F81F-4EA0-A761-078BB514C058}.Release|x86.Build.0 = Release|Any CPU
		{520A519A-4342-4B3D-89CF-C8C770627283}.Debug|Any CPU.ActiveCfg = Debug|Any CPU
		{520A519A-4342-4B3D-89CF-C8C770627283}.Debug|Any CPU.Build.0 = Debug|Any CPU
		{520A519A-4342-4B3D-89CF-C8C770627283}.Debug|x64.ActiveCfg = Debug|Any CPU
		{520A519A-4342-4B3D-89CF-C8C770627283}.Debug|x64.Build.0 = Debug|Any CPU
		{520A519A-4342-4B3D-89CF-C8C770627283}.Debug|x86.ActiveCfg = Debug|Any CPU
		{520A519A-4342-4B3D-89CF-C8C770627283}.Debug|x86.Build.0 = Debug|Any CPU
		{520A519A-4342-4B3D-89CF-C8C770627283}.Release|Any CPU.ActiveCfg = Release|Any CPU
		{520A519A-4342-4B3D-89CF-C8C770627283}.Release|Any CPU.Build.0 = Release|Any CPU
		{520A519A-4342-4B3D-89CF-C8C770627283}.Release|x64.ActiveCfg = Release|Any CPU
		{520A519A-4342-4B3D-89CF-C8C770627283}.Release|x64.Build.0 = Release|Any CPU
		{520A519A-4342-4B3D-89CF-C8C770627283}.Release|x86.ActiveCfg = Release|Any CPU
		{520A519A-4342-4B3D-89CF-C8C770627283}.Release|x86.Build.0 = Release|Any CPU
		{6A4B7947-F06A-4A08-8F0F-04199B556D21}.Debug|Any CPU.ActiveCfg = Debug|Any CPU
		{6A4B7947-F06A-4A08-8F0F-04199B556D21}.Debug|Any CPU.Build.0 = Debug|Any CPU
		{6A4B7947-F06A-4A08-8F0F-04199B556D21}.Debug|x64.ActiveCfg = Debug|Any CPU
		{6A4B7947-F06A-4A08-8F0F-04199B556D21}.Debug|x64.Build.0 = Debug|Any CPU
		{6A4B7947-F06A-4A08-8F0F-04199B556D21}.Debug|x86.ActiveCfg = Debug|Any CPU
		{6A4B7947-F06A-4A08-8F0F-04199B556D21}.Debug|x86.Build.0 = Debug|Any CPU
		{6A4B7947-F06A-4A08-8F0F-04199B556D21}.Release|Any CPU.ActiveCfg = Release|Any CPU
		{6A4B7947-F06A-4A08-8F0F-04199B556D21}.Release|Any CPU.Build.0 = Release|Any CPU
		{6A4B7947-F06A-4A08-8F0F-04199B556D21}.Release|x64.ActiveCfg = Release|Any CPU
		{6A4B7947-F06A-4A08-8F0F-04199B556D21}.Release|x64.Build.0 = Release|Any CPU
		{6A4B7947-F06A-4A08-8F0F-04199B556D21}.Release|x86.ActiveCfg = Release|Any CPU
		{6A4B7947-F06A-4A08-8F0F-04199B556D21}.Release|x86.Build.0 = Release|Any CPU
	EndGlobalSection
	GlobalSection(SolutionProperties) = preSolution
		HideSolutionNode = FALSE
	EndGlobalSection
	GlobalSection(NestedProjects) = preSolution
		{B646B9D9-D9CB-4523-AC2E-EF2CA92D224C} = {5676F3F9-F3B8-4E72-9330-1AB43E380F3E}
		{BD0DC6A0-4D75-422D-9E46-758B44DDEC5A} = {5676F3F9-F3B8-4E72-9330-1AB43E380F3E}
		{B196482D-4371-46D4-97E8-7FD39C5E9736} = {5676F3F9-F3B8-4E72-9330-1AB43E380F3E}
		{ABC25F59-00E6-4A9D-AE23-F3E7B1797B24} = {FF95AD8E-2294-4184-BB0C-499C5929550C}
		{55BAB03E-C3D4-4178-9596-703577F6B250} = {DFFD6EAD-BDF1-4BA3-A49C-D9FC700013CD}
		{E5C92465-2118-43CF-8C6B-A36292E7A043} = {DFFD6EAD-BDF1-4BA3-A49C-D9FC700013CD}
		{97882226-DD08-4BB3-B784-DB6268867088} = {FF95AD8E-2294-4184-BB0C-499C5929550C}
		{07B2B0FE-CFB5-43FA-9D56-29FB142B6F3E} = {DFFD6EAD-BDF1-4BA3-A49C-D9FC700013CD}
		{FEBB2774-BD90-41B1-8D7D-171AA31D0785} = {FF95AD8E-2294-4184-BB0C-499C5929550C}
		{0E6566E5-8218-4DB1-B8F3-2CCA42EA4A12} = {5676F3F9-F3B8-4E72-9330-1AB43E380F3E}
		{8420A113-19D6-4E68-9190-20EAA60AC2E4} = {5676F3F9-F3B8-4E72-9330-1AB43E380F3E}
		{AC7CB67E-243C-49CD-8368-154EBAA21EE5} = {FF95AD8E-2294-4184-BB0C-499C5929550C}
		{5DABF9B0-F477-4EAE-9774-E566373CF659} = {5676F3F9-F3B8-4E72-9330-1AB43E380F3E}
		{5C3957BB-DF55-4E2C-A2AF-29D78B4131F2} = {DFFD6EAD-BDF1-4BA3-A49C-D9FC700013CD}
		{4EBD65B7-CAE6-4AC0-A43A-F6A0C9D9298A} = {5676F3F9-F3B8-4E72-9330-1AB43E380F3E}
		{B2648611-4A05-4820-8E39-311D38E77335} = {FF95AD8E-2294-4184-BB0C-499C5929550C}
		{8AD55B53-F81F-4EA0-A761-078BB514C058} = {5676F3F9-F3B8-4E72-9330-1AB43E380F3E}
		{520A519A-4342-4B3D-89CF-C8C770627283} = {FF95AD8E-2294-4184-BB0C-499C5929550C}
		{6A4B7947-F06A-4A08-8F0F-04199B556D21} = {DFFD6EAD-BDF1-4BA3-A49C-D9FC700013CD}
	EndGlobalSection
EndGlobal
