
Microsoft Visual Studio Solution File, Format Version 12.00
# Visual Studio Version 17
VisualStudioVersion = 17.0.31903.59
MinimumVisualStudioVersion = 10.0.40219.1
Project("{2150E333-8FDC-42A3-9474-1A3956D46DE8}") = "src", "src", "{5676F3F9-F3B8-4E72-9330-1AB43E380F3E}"
EndProject
Project("{FAE04EC0-301F-11D3-BF4B-00C04F79EFBC}") = "CC.CSX", "src\CC.CSX\CC.CSX.csproj", "{B646B9D9-D9CB-4523-AC2E-EF2CA92D224C}"
EndProject
Project("{FAE04EC0-301F-11D3-BF4B-00C04F79EFBC}") = "CC.CSX.Web", "src\CC.CSX.Web\CC.CSX.Web.csproj", "{BD0DC6A0-4D75-422D-9E46-758B44DDEC5A}"
EndProject
Project("{FAE04EC0-301F-11D3-BF4B-00C04F79EFBC}") = "CC.CSX.Htmx", "src\CC.CSX.Htmx\CC.CSX.Htmx.csproj", "{B196482D-4371-46D4-97E8-7FD39C5E9736}"
EndProject
Project("{2150E333-8FDC-42A3-9474-1A3956D46DE8}") = "tests", "tests", "{FF95AD8E-2294-4184-BB0C-499C5929550C}"
EndProject
Project("{FAE04EC0-301F-11D3-BF4B-00C04F79EFBC}") = "CC.CSX.Tests", "tests\CC.CSX.Tests\CC.CSX.Tests.csproj", "{ABC25F59-00E6-4A9D-AE23-F3E7B1797B24}"
EndProject
Project("{2150E333-8FDC-42A3-9474-1A3956D46DE8}") = "samples", "samples", "{DFFD6EAD-BDF1-4BA3-A49C-D9FC700013CD}"
EndProject
Project("{FAE04EC0-301F-11D3-BF4B-00C04F79EFBC}") = "Simple", "samples\Simple\Simple.csproj", "{55BAB03E-C3D4-4178-9596-703577F6B250}"
EndProject
Project("{FAE04EC0-301F-11D3-BF4B-00C04F79EFBC}") = "Web", "samples\Web\Web.csproj", "{E5C92465-2118-43CF-8C6B-A36292E7A043}"
EndProject
Project("{FAE04EC0-301F-11D3-BF4B-00C04F79EFBC}") = "CC.CSX.Benchmarks", "tests\CC.CSX.Benchmarks\CC.CSX.Benchmarks.csproj", "{97882226-DD08-4BB3-B784-DB6268867088}"
EndProject
Project("{FAE04EC0-301F-11D3-BF4B-00C04F79EFBC}") = "HtmxSample", "samples\HtmxSample\HtmxSample.csproj", "{07B2B0FE-CFB5-43FA-9D56-29FB142B6F3E}"
EndProject
Global
	GlobalSection(SolutionConfigurationPlatforms) = preSolution
		Debug|Any CPU = Debug|Any CPU
		Release|Any CPU = Release|Any CPU
	EndGlobalSection
	GlobalSection(SolutionProperties) = preSolution
		HideSolutionNode = FALSE
	EndGlobalSection
	GlobalSection(ProjectConfigurationPlatforms) = postSolution
		{B646B9D9-D9CB-4523-AC2E-EF2CA92D224C}.Debug|Any CPU.ActiveCfg = Debug|Any CPU
		{B646B9D9-D9CB-4523-AC2E-EF2CA92D224C}.Debug|Any CPU.Build.0 = Debug|Any CPU
		{B646B9D9-D9CB-4523-AC2E-EF2CA92D224C}.Release|Any CPU.ActiveCfg = Release|Any CPU
		{B646B9D9-D9CB-4523-AC2E-EF2CA92D224C}.Release|Any CPU.Build.0 = Release|Any CPU
		{55BAB03E-C3D4-4178-9596-703577F6B250}.Debug|Any CPU.ActiveCfg = Debug|Any CPU
		{55BAB03E-C3D4-4178-9596-703577F6B250}.Debug|Any CPU.Build.0 = Debug|Any CPU
		{55BAB03E-C3D4-4178-9596-703577F6B250}.Release|Any CPU.ActiveCfg = Release|Any CPU
		{55BAB03E-C3D4-4178-9596-703577F6B250}.Release|Any CPU.Build.0 = Release|Any CPU
		{E5C92465-2118-43CF-8C6B-A36292E7A043}.Debug|Any CPU.ActiveCfg = Debug|Any CPU
		{E5C92465-2118-43CF-8C6B-A36292E7A043}.Debug|Any CPU.Build.0 = Debug|Any CPU
		{E5C92465-2118-43CF-8C6B-A36292E7A043}.Release|Any CPU.ActiveCfg = Release|Any CPU
		{E5C92465-2118-43CF-8C6B-A36292E7A043}.Release|Any CPU.Build.0 = Release|Any CPU
		{ABC25F59-00E6-4A9D-AE23-F3E7B1797B24}.Debug|Any CPU.ActiveCfg = Debug|Any CPU
		{ABC25F59-00E6-4A9D-AE23-F3E7B1797B24}.Debug|Any CPU.Build.0 = Debug|Any CPU
		{ABC25F59-00E6-4A9D-AE23-F3E7B1797B24}.Release|Any CPU.ActiveCfg = Release|Any CPU
		{ABC25F59-00E6-4A9D-AE23-F3E7B1797B24}.Release|Any CPU.Build.0 = Release|Any CPU
		{BD0DC6A0-4D75-422D-9E46-758B44DDEC5A}.Debug|Any CPU.ActiveCfg = Debug|Any CPU
		{BD0DC6A0-4D75-422D-9E46-758B44DDEC5A}.Debug|Any CPU.Build.0 = Debug|Any CPU
		{BD0DC6A0-4D75-422D-9E46-758B44DDEC5A}.Release|Any CPU.ActiveCfg = Release|Any CPU
		{BD0DC6A0-4D75-422D-9E46-758B44DDEC5A}.Release|Any CPU.Build.0 = Release|Any CPU
		{B196482D-4371-46D4-97E8-7FD39C5E9736}.Debug|Any CPU.ActiveCfg = Debug|Any CPU
		{B196482D-4371-46D4-97E8-7FD39C5E9736}.Debug|Any CPU.Build.0 = Debug|Any CPU
		{B196482D-4371-46D4-97E8-7FD39C5E9736}.Release|Any CPU.ActiveCfg = Release|Any CPU
		{B196482D-4371-46D4-97E8-7FD39C5E9736}.Release|Any CPU.Build.0 = Release|Any CPU
		{97882226-DD08-4BB3-B784-DB6268867088}.Debug|Any CPU.ActiveCfg = Debug|Any CPU
		{97882226-DD08-4BB3-B784-DB6268867088}.Debug|Any CPU.Build.0 = Debug|Any CPU
		{97882226-DD08-4BB3-B784-DB6268867088}.Release|Any CPU.ActiveCfg = Release|Any CPU
		{97882226-DD08-4BB3-B784-DB6268867088}.Release|Any CPU.Build.0 = Release|Any CPU
		{07B2B0FE-CFB5-43FA-9D56-29FB142B6F3E}.Debug|Any CPU.ActiveCfg = Debug|Any CPU
		{07B2B0FE-CFB5-43FA-9D56-29FB142B6F3E}.Debug|Any CPU.Build.0 = Debug|Any CPU
		{07B2B0FE-CFB5-43FA-9D56-29FB142B6F3E}.Release|Any CPU.ActiveCfg = Release|Any CPU
		{07B2B0FE-CFB5-43FA-9D56-29FB142B6F3E}.Release|Any CPU.Build.0 = Release|Any CPU
	EndGlobalSection
	GlobalSection(NestedProjects) = preSolution
		{B646B9D9-D9CB-4523-AC2E-EF2CA92D224C} = {5676F3F9-F3B8-4E72-9330-1AB43E380F3E}
		{55BAB03E-C3D4-4178-9596-703577F6B250} = {DFFD6EAD-BDF1-4BA3-A49C-D9FC700013CD}
		{E5C92465-2118-43CF-8C6B-A36292E7A043} = {DFFD6EAD-BDF1-4BA3-A49C-D9FC700013CD}
		{ABC25F59-00E6-4A9D-AE23-F3E7B1797B24} = {FF95AD8E-2294-4184-BB0C-499C5929550C}
		{BD0DC6A0-4D75-422D-9E46-758B44DDEC5A} = {5676F3F9-F3B8-4E72-9330-1AB43E380F3E}
		{B196482D-4371-46D4-97E8-7FD39C5E9736} = {5676F3F9-F3B8-4E72-9330-1AB43E380F3E}
		{97882226-DD08-4BB3-B784-DB6268867088} = {FF95AD8E-2294-4184-BB0C-499C5929550C}
		{07B2B0FE-CFB5-43FA-9D56-29FB142B6F3E} = {DFFD6EAD-BDF1-4BA3-A49C-D9FC700013CD}
	EndGlobalSection
EndGlobal
